
Microsoft Visual Studio Solution File, Format Version 12.00
# Visual Studio 15
VisualStudioVersion = 15.0.27004.2005
MinimumVisualStudioVersion = 10.0.40219.1
Project("{9A19103F-16F7-4668-BE54-9A1E7A4F7556}") = "Crawler", "Crawler\Crawler.csproj", "{5BE7C9F1-A2A6-42BA-B8E8-07F719F757A6}"
EndProject
Project("{9A19103F-16F7-4668-BE54-9A1E7A4F7556}") = "CrawlerConsole", "CrawlerConsole\CrawlerConsole.csproj", "{2C2A76EF-D3EF-4F90-A4FE-95461D2BAD33}"
EndProject
Project("{9A19103F-16F7-4668-BE54-9A1E7A4F7556}") = "RecipesCore", "Recipes\RecipesCore.csproj", "{89151085-2596-4ED9-933E-27090A04C371}"
EndProject
Project("{9A19103F-16F7-4668-BE54-9A1E7A4F7556}") = "RecipesWeb", "RecipesWeb\RecipesWeb.csproj", "{6BAED08F-B1B0-4EF2-9F68-43D4755CE512}"
EndProject
Project("{9A19103F-16F7-4668-BE54-9A1E7A4F7556}") = "ProcessorRunner", "ProcessorRunner\ProcessorRunner.csproj", "{33F72870-68D5-4570-9B22-0FB0C7969C42}"
EndProject
Project("{FAE04EC0-301F-11D3-BF4B-00C04F79EFBC}") = "RecipesTests", "RecipesTests\RecipesTests.csproj", "{51945BA4-01D4-4125-A8DB-0A77365E0F56}"
EndProject
Global
	GlobalSection(SolutionConfigurationPlatforms) = preSolution
		Debug|Any CPU = Debug|Any CPU
		Release|Any CPU = Release|Any CPU
	EndGlobalSection
	GlobalSection(ProjectConfigurationPlatforms) = postSolution
		{5BE7C9F1-A2A6-42BA-B8E8-07F719F757A6}.Debug|Any CPU.ActiveCfg = Debug|Any CPU
		{5BE7C9F1-A2A6-42BA-B8E8-07F719F757A6}.Debug|Any CPU.Build.0 = Debug|Any CPU
		{5BE7C9F1-A2A6-42BA-B8E8-07F719F757A6}.Release|Any CPU.ActiveCfg = Release|Any CPU
		{5BE7C9F1-A2A6-42BA-B8E8-07F719F757A6}.Release|Any CPU.Build.0 = Release|Any CPU
		{2C2A76EF-D3EF-4F90-A4FE-95461D2BAD33}.Debug|Any CPU.ActiveCfg = Debug|Any CPU
		{2C2A76EF-D3EF-4F90-A4FE-95461D2BAD33}.Debug|Any CPU.Build.0 = Debug|Any CPU
		{2C2A76EF-D3EF-4F90-A4FE-95461D2BAD33}.Release|Any CPU.ActiveCfg = Release|Any CPU
		{2C2A76EF-D3EF-4F90-A4FE-95461D2BAD33}.Release|Any CPU.Build.0 = Release|Any CPU
		{89151085-2596-4ED9-933E-27090A04C371}.Debug|Any CPU.ActiveCfg = Debug|Any CPU
		{89151085-2596-4ED9-933E-27090A04C371}.Debug|Any CPU.Build.0 = Debug|Any CPU
		{89151085-2596-4ED9-933E-27090A04C371}.Release|Any CPU.ActiveCfg = Release|Any CPU
		{89151085-2596-4ED9-933E-27090A04C371}.Release|Any CPU.Build.0 = Release|Any CPU
		{6BAED08F-B1B0-4EF2-9F68-43D4755CE512}.Debug|Any CPU.ActiveCfg = Debug|Any CPU
		{6BAED08F-B1B0-4EF2-9F68-43D4755CE512}.Debug|Any CPU.Build.0 = Debug|Any CPU
		{6BAED08F-B1B0-4EF2-9F68-43D4755CE512}.Release|Any CPU.ActiveCfg = Release|Any CPU
		{6BAED08F-B1B0-4EF2-9F68-43D4755CE512}.Release|Any CPU.Build.0 = Release|Any CPU
		{33F72870-68D5-4570-9B22-0FB0C7969C42}.Debug|Any CPU.ActiveCfg = Debug|Any CPU
		{33F72870-68D5-4570-9B22-0FB0C7969C42}.Debug|Any CPU.Build.0 = Debug|Any CPU
		{33F72870-68D5-4570-9B22-0FB0C7969C42}.Release|Any CPU.ActiveCfg = Release|Any CPU
		{33F72870-68D5-4570-9B22-0FB0C7969C42}.Release|Any CPU.Build.0 = Release|Any CPU
		{51945BA4-01D4-4125-A8DB-0A77365E0F56}.Debug|Any CPU.ActiveCfg = Debug|Any CPU
		{51945BA4-01D4-4125-A8DB-0A77365E0F56}.Debug|Any CPU.Build.0 = Debug|Any CPU
		{51945BA4-01D4-4125-A8DB-0A77365E0F56}.Release|Any CPU.ActiveCfg = Release|Any CPU
		{51945BA4-01D4-4125-A8DB-0A77365E0F56}.Release|Any CPU.Build.0 = Release|Any CPU
	EndGlobalSection
	GlobalSection(SolutionProperties) = preSolution
		HideSolutionNode = FALSE
	EndGlobalSection
	GlobalSection(ExtensibilityGlobals) = postSolution
		SolutionGuid = {A225D06B-2CC2-4C88-81B6-F47BB1D545DC}
	EndGlobalSection
EndGlobal
